// !$*UTF8*$!
{
	archiveVersion = 1;
	classes = {
	};
	objectVersion = 55;
	objects = {

/* Begin PBXBuildFile section */
		C7431B9D2897FB2B008C77DF /* Localizable.strings in Resources */ = {isa = PBXBuildFile; fileRef = C7431B9F2897FB2B008C77DF /* Localizable.strings */; };
		C7431BA22897FEFF008C77DF /* README.md in Resources */ = {isa = PBXBuildFile; fileRef = C7431BA12897FEFF008C77DF /* README.md */; };
		C750B41E28958FC400D05E59 /* DemoApp.swift in Sources */ = {isa = PBXBuildFile; fileRef = C750B41D28958FC400D05E59 /* DemoApp.swift */; };
		C750B42028958FC400D05E59 /* HomeView.swift in Sources */ = {isa = PBXBuildFile; fileRef = C750B41F28958FC400D05E59 /* HomeView.swift */; };
		C750B42228958FC600D05E59 /* Assets.xcassets in Resources */ = {isa = PBXBuildFile; fileRef = C750B42128958FC600D05E59 /* Assets.xcassets */; };
		C750B42528958FC600D05E59 /* Preview Assets.xcassets in Resources */ = {isa = PBXBuildFile; fileRef = C750B42428958FC600D05E59 /* Preview Assets.xcassets */; };
		C750B42F28958FC600D05E59 /* DemoTests.swift in Sources */ = {isa = PBXBuildFile; fileRef = C750B42E28958FC600D05E59 /* DemoTests.swift */; };
		C750B43928958FC600D05E59 /* DemoUITests.swift in Sources */ = {isa = PBXBuildFile; fileRef = C750B43828958FC600D05E59 /* DemoUITests.swift */; };
		C750B43B28958FC600D05E59 /* DemoUITestsLaunchTests.swift in Sources */ = {isa = PBXBuildFile; fileRef = C750B43A28958FC600D05E59 /* DemoUITestsLaunchTests.swift */; };
		C750B448289592BC00D05E59 /* Launch Screen.storyboard in Resources */ = {isa = PBXBuildFile; fileRef = C750B447289592BC00D05E59 /* Launch Screen.storyboard */; };
		C750B44F28959BC500D05E59 /* HomeViewModel.swift in Sources */ = {isa = PBXBuildFile; fileRef = C750B44E28959BC500D05E59 /* HomeViewModel.swift */; };
		C750B45128959E2100D05E59 /* Item.swift in Sources */ = {isa = PBXBuildFile; fileRef = C750B45028959E2100D05E59 /* Item.swift */; };
		C750B4542895A13D00D05E59 /* Network.swift in Sources */ = {isa = PBXBuildFile; fileRef = C750B4532895A13D00D05E59 /* Network.swift */; };
		C750B4562895A1B300D05E59 /* DummyJSON.swift in Sources */ = {isa = PBXBuildFile; fileRef = C750B4552895A1B300D05E59 /* DummyJSON.swift */; };
		C750B4582895A64300D05E59 /* Endpoint.swift in Sources */ = {isa = PBXBuildFile; fileRef = C750B4572895A64300D05E59 /* Endpoint.swift */; };
		C750B45B2896F43400D05E59 /* DummyJSONModel.swift in Sources */ = {isa = PBXBuildFile; fileRef = C750B45A2896F43400D05E59 /* DummyJSONModel.swift */; };
		C750B45D289700C500D05E59 /* ItemCell.swift in Sources */ = {isa = PBXBuildFile; fileRef = C750B45C289700C500D05E59 /* ItemCell.swift */; };
		C750B45F2897038200D05E59 /* ItemDetail.swift in Sources */ = {isa = PBXBuildFile; fileRef = C750B45E2897038200D05E59 /* ItemDetail.swift */; };
/* End PBXBuildFile section */

/* Begin PBXContainerItemProxy section */
		C750B42B28958FC600D05E59 /* PBXContainerItemProxy */ = {
			isa = PBXContainerItemProxy;
			containerPortal = C750B41228958FC400D05E59 /* Project object */;
			proxyType = 1;
			remoteGlobalIDString = C750B41928958FC400D05E59;
			remoteInfo = Demo;
		};
		C750B43528958FC600D05E59 /* PBXContainerItemProxy */ = {
			isa = PBXContainerItemProxy;
			containerPortal = C750B41228958FC400D05E59 /* Project object */;
			proxyType = 1;
			remoteGlobalIDString = C750B41928958FC400D05E59;
			remoteInfo = Demo;
		};
/* End PBXContainerItemProxy section */

/* Begin PBXFileReference section */
		C7431B9E2897FB2B008C77DF /* en */ = {isa = PBXFileReference; lastKnownFileType = text.plist.strings; name = en; path = en.lproj/Localizable.strings; sourceTree = "<group>"; };
		C7431BA02897FB2D008C77DF /* ja */ = {isa = PBXFileReference; lastKnownFileType = text.plist.strings; name = ja; path = ja.lproj/Localizable.strings; sourceTree = "<group>"; };
		C7431BA12897FEFF008C77DF /* README.md */ = {isa = PBXFileReference; fileEncoding = 4; lastKnownFileType = net.daringfireball.markdown; name = README.md; path = ../README.md; sourceTree = "<group>"; };
		C750B41A28958FC400D05E59 /* Demo.app */ = {isa = PBXFileReference; explicitFileType = wrapper.application; includeInIndex = 0; path = Demo.app; sourceTree = BUILT_PRODUCTS_DIR; };
		C750B41D28958FC400D05E59 /* DemoApp.swift */ = {isa = PBXFileReference; lastKnownFileType = sourcecode.swift; path = DemoApp.swift; sourceTree = "<group>"; };
		C750B41F28958FC400D05E59 /* HomeView.swift */ = {isa = PBXFileReference; lastKnownFileType = sourcecode.swift; path = HomeView.swift; sourceTree = "<group>"; };
		C750B42128958FC600D05E59 /* Assets.xcassets */ = {isa = PBXFileReference; lastKnownFileType = folder.assetcatalog; path = Assets.xcassets; sourceTree = "<group>"; };
		C750B42428958FC600D05E59 /* Preview Assets.xcassets */ = {isa = PBXFileReference; lastKnownFileType = folder.assetcatalog; path = "Preview Assets.xcassets"; sourceTree = "<group>"; };
		C750B42A28958FC600D05E59 /* DemoTests.xctest */ = {isa = PBXFileReference; explicitFileType = wrapper.cfbundle; includeInIndex = 0; path = DemoTests.xctest; sourceTree = BUILT_PRODUCTS_DIR; };
		C750B42E28958FC600D05E59 /* DemoTests.swift */ = {isa = PBXFileReference; lastKnownFileType = sourcecode.swift; path = DemoTests.swift; sourceTree = "<group>"; };
		C750B43428958FC600D05E59 /* DemoUITests.xctest */ = {isa = PBXFileReference; explicitFileType = wrapper.cfbundle; includeInIndex = 0; path = DemoUITests.xctest; sourceTree = BUILT_PRODUCTS_DIR; };
		C750B43828958FC600D05E59 /* DemoUITests.swift */ = {isa = PBXFileReference; lastKnownFileType = sourcecode.swift; path = DemoUITests.swift; sourceTree = "<group>"; };
		C750B43A28958FC600D05E59 /* DemoUITestsLaunchTests.swift */ = {isa = PBXFileReference; lastKnownFileType = sourcecode.swift; path = DemoUITestsLaunchTests.swift; sourceTree = "<group>"; };
		C750B447289592BC00D05E59 /* Launch Screen.storyboard */ = {isa = PBXFileReference; lastKnownFileType = file.storyboard; path = "Launch Screen.storyboard"; sourceTree = "<group>"; };
		C750B44E28959BC500D05E59 /* HomeViewModel.swift */ = {isa = PBXFileReference; lastKnownFileType = sourcecode.swift; path = HomeViewModel.swift; sourceTree = "<group>"; };
		C750B45028959E2100D05E59 /* Item.swift */ = {isa = PBXFileReference; lastKnownFileType = sourcecode.swift; path = Item.swift; sourceTree = "<group>"; };
		C750B4532895A13D00D05E59 /* Network.swift */ = {isa = PBXFileReference; lastKnownFileType = sourcecode.swift; path = Network.swift; sourceTree = "<group>"; };
		C750B4552895A1B300D05E59 /* DummyJSON.swift */ = {isa = PBXFileReference; lastKnownFileType = sourcecode.swift; path = DummyJSON.swift; sourceTree = "<group>"; };
		C750B4572895A64300D05E59 /* Endpoint.swift */ = {isa = PBXFileReference; lastKnownFileType = sourcecode.swift; path = Endpoint.swift; sourceTree = "<group>"; };
		C750B45A2896F43400D05E59 /* DummyJSONModel.swift */ = {isa = PBXFileReference; lastKnownFileType = sourcecode.swift; path = DummyJSONModel.swift; sourceTree = "<group>"; };
		C750B45C289700C500D05E59 /* ItemCell.swift */ = {isa = PBXFileReference; lastKnownFileType = sourcecode.swift; path = ItemCell.swift; sourceTree = "<group>"; };
		C750B45E2897038200D05E59 /* ItemDetail.swift */ = {isa = PBXFileReference; lastKnownFileType = sourcecode.swift; path = ItemDetail.swift; sourceTree = "<group>"; };
/* End PBXFileReference section */

/* Begin PBXFrameworksBuildPhase section */
		C750B41728958FC400D05E59 /* Frameworks */ = {
			isa = PBXFrameworksBuildPhase;
			buildActionMask = 2147483647;
			files = (
			);
			runOnlyForDeploymentPostprocessing = 0;
		};
		C750B42728958FC600D05E59 /* Frameworks */ = {
			isa = PBXFrameworksBuildPhase;
			buildActionMask = 2147483647;
			files = (
			);
			runOnlyForDeploymentPostprocessing = 0;
		};
		C750B43128958FC600D05E59 /* Frameworks */ = {
			isa = PBXFrameworksBuildPhase;
			buildActionMask = 2147483647;
			files = (
			);
			runOnlyForDeploymentPostprocessing = 0;
		};
/* End PBXFrameworksBuildPhase section */

/* Begin PBXGroup section */
		C750B41128958FC400D05E59 = {
			isa = PBXGroup;
			children = (
				C7431BA12897FEFF008C77DF /* README.md */,
				C750B41C28958FC400D05E59 /* Demo */,
				C750B42D28958FC600D05E59 /* DemoTests */,
				C750B43728958FC600D05E59 /* DemoUITests */,
				C750B41B28958FC400D05E59 /* Products */,
			);
			sourceTree = "<group>";
		};
		C750B41B28958FC400D05E59 /* Products */ = {
			isa = PBXGroup;
			children = (
				C750B41A28958FC400D05E59 /* Demo.app */,
				C750B42A28958FC600D05E59 /* DemoTests.xctest */,
				C750B43428958FC600D05E59 /* DemoUITests.xctest */,
			);
			name = Products;
			sourceTree = "<group>";
		};
		C750B41C28958FC400D05E59 /* Demo */ = {
			isa = PBXGroup;
			children = (
				C750B44B28959B5500D05E59 /* Model */,
				C750B44C28959B6400D05E59 /* View */,
				C750B44D28959B6800D05E59 /* ViewModel */,
				C750B4522895A11A00D05E59 /* Network */,
				C750B447289592BC00D05E59 /* Launch Screen.storyboard */,
				C750B41D28958FC400D05E59 /* DemoApp.swift */,
				C750B42128958FC600D05E59 /* Assets.xcassets */,
				C7431B9F2897FB2B008C77DF /* Localizable.strings */,
				C750B42328958FC600D05E59 /* Preview Content */,
			);
			path = Demo;
			sourceTree = "<group>";
		};
		C750B42328958FC600D05E59 /* Preview Content */ = {
			isa = PBXGroup;
			children = (
				C750B42428958FC600D05E59 /* Preview Assets.xcassets */,
			);
			path = "Preview Content";
			sourceTree = "<group>";
		};
		C750B42D28958FC600D05E59 /* DemoTests */ = {
			isa = PBXGroup;
			children = (
				C750B42E28958FC600D05E59 /* DemoTests.swift */,
			);
			path = DemoTests;
			sourceTree = "<group>";
		};
		C750B43728958FC600D05E59 /* DemoUITests */ = {
			isa = PBXGroup;
			children = (
				C750B43828958FC600D05E59 /* DemoUITests.swift */,
				C750B43A28958FC600D05E59 /* DemoUITestsLaunchTests.swift */,
			);
			path = DemoUITests;
			sourceTree = "<group>";
		};
		C750B44B28959B5500D05E59 /* Model */ = {
			isa = PBXGroup;
			children = (
				C750B45028959E2100D05E59 /* Item.swift */,
			);
			path = Model;
			sourceTree = "<group>";
		};
		C750B44C28959B6400D05E59 /* View */ = {
			isa = PBXGroup;
			children = (
				C750B41F28958FC400D05E59 /* HomeView.swift */,
				C750B45C289700C500D05E59 /* ItemCell.swift */,
				C750B45E2897038200D05E59 /* ItemDetail.swift */,
			);
			path = View;
			sourceTree = "<group>";
		};
		C750B44D28959B6800D05E59 /* ViewModel */ = {
			isa = PBXGroup;
			children = (
				C750B44E28959BC500D05E59 /* HomeViewModel.swift */,
			);
			path = ViewModel;
			sourceTree = "<group>";
		};
		C750B4522895A11A00D05E59 /* Network */ = {
			isa = PBXGroup;
			children = (
				C750B4592896F42100D05E59 /* Models */,
				C750B4532895A13D00D05E59 /* Network.swift */,
				C750B4572895A64300D05E59 /* Endpoint.swift */,
				C750B4552895A1B300D05E59 /* DummyJSON.swift */,
			);
			path = Network;
			sourceTree = "<group>";
		};
		C750B4592896F42100D05E59 /* Models */ = {
			isa = PBXGroup;
			children = (
				C750B45A2896F43400D05E59 /* DummyJSONModel.swift */,
			);
			path = Models;
			sourceTree = "<group>";
		};
/* End PBXGroup section */

/* Begin PBXNativeTarget section */
		C750B41928958FC400D05E59 /* Demo */ = {
			isa = PBXNativeTarget;
			buildConfigurationList = C750B43E28958FC600D05E59 /* Build configuration list for PBXNativeTarget "Demo" */;
			buildPhases = (
				C750B41628958FC400D05E59 /* Sources */,
				C750B41728958FC400D05E59 /* Frameworks */,
				C750B41828958FC400D05E59 /* Resources */,
			);
			buildRules = (
			);
			dependencies = (
			);
			name = Demo;
			productName = Demo;
			productReference = C750B41A28958FC400D05E59 /* Demo.app */;
			productType = "com.apple.product-type.application";
		};
		C750B42928958FC600D05E59 /* DemoTests */ = {
			isa = PBXNativeTarget;
			buildConfigurationList = C750B44128958FC600D05E59 /* Build configuration list for PBXNativeTarget "DemoTests" */;
			buildPhases = (
				C750B42628958FC600D05E59 /* Sources */,
				C750B42728958FC600D05E59 /* Frameworks */,
				C750B42828958FC600D05E59 /* Resources */,
			);
			buildRules = (
			);
			dependencies = (
				C750B42C28958FC600D05E59 /* PBXTargetDependency */,
			);
			name = DemoTests;
			productName = DemoTests;
			productReference = C750B42A28958FC600D05E59 /* DemoTests.xctest */;
			productType = "com.apple.product-type.bundle.unit-test";
		};
		C750B43328958FC600D05E59 /* DemoUITests */ = {
			isa = PBXNativeTarget;
			buildConfigurationList = C750B44428958FC600D05E59 /* Build configuration list for PBXNativeTarget "DemoUITests" */;
			buildPhases = (
				C750B43028958FC600D05E59 /* Sources */,
				C750B43128958FC600D05E59 /* Frameworks */,
				C750B43228958FC600D05E59 /* Resources */,
			);
			buildRules = (
			);
			dependencies = (
				C750B43628958FC600D05E59 /* PBXTargetDependency */,
			);
			name = DemoUITests;
			productName = DemoUITests;
			productReference = C750B43428958FC600D05E59 /* DemoUITests.xctest */;
			productType = "com.apple.product-type.bundle.ui-testing";
		};
/* End PBXNativeTarget section */

/* Begin PBXProject section */
		C750B41228958FC400D05E59 /* Project object */ = {
			isa = PBXProject;
			attributes = {
				BuildIndependentTargetsInParallel = 1;
				LastSwiftUpdateCheck = 1340;
				LastUpgradeCheck = 1340;
				TargetAttributes = {
					C750B41928958FC400D05E59 = {
						CreatedOnToolsVersion = 13.4.1;
					};
					C750B42928958FC600D05E59 = {
						CreatedOnToolsVersion = 13.4.1;
						TestTargetID = C750B41928958FC400D05E59;
					};
					C750B43328958FC600D05E59 = {
						CreatedOnToolsVersion = 13.4.1;
						TestTargetID = C750B41928958FC400D05E59;
					};
				};
			};
			buildConfigurationList = C750B41528958FC400D05E59 /* Build configuration list for PBXProject "Demo" */;
			compatibilityVersion = "Xcode 13.0";
			developmentRegion = en;
			hasScannedForEncodings = 0;
			knownRegions = (
				en,
				Base,
				ja,
			);
			mainGroup = C750B41128958FC400D05E59;
			productRefGroup = C750B41B28958FC400D05E59 /* Products */;
			projectDirPath = "";
			projectRoot = "";
			targets = (
				C750B41928958FC400D05E59 /* Demo */,
				C750B42928958FC600D05E59 /* DemoTests */,
				C750B43328958FC600D05E59 /* DemoUITests */,
			);
		};
/* End PBXProject section */

/* Begin PBXResourcesBuildPhase section */
		C750B41828958FC400D05E59 /* Resources */ = {
			isa = PBXResourcesBuildPhase;
			buildActionMask = 2147483647;
			files = (
				C750B448289592BC00D05E59 /* Launch Screen.storyboard in Resources */,
				C7431B9D2897FB2B008C77DF /* Localizable.strings in Resources */,
				C7431BA22897FEFF008C77DF /* README.md in Resources */,
				C750B42528958FC600D05E59 /* Preview Assets.xcassets in Resources */,
				C750B42228958FC600D05E59 /* Assets.xcassets in Resources */,
			);
			runOnlyForDeploymentPostprocessing = 0;
		};
		C750B42828958FC600D05E59 /* Resources */ = {
			isa = PBXResourcesBuildPhase;
			buildActionMask = 2147483647;
			files = (
			);
			runOnlyForDeploymentPostprocessing = 0;
		};
		C750B43228958FC600D05E59 /* Resources */ = {
			isa = PBXResourcesBuildPhase;
			buildActionMask = 2147483647;
			files = (
			);
			runOnlyForDeploymentPostprocessing = 0;
		};
/* End PBXResourcesBuildPhase section */

/* Begin PBXSourcesBuildPhase section */
		C750B41628958FC400D05E59 /* Sources */ = {
			isa = PBXSourcesBuildPhase;
			buildActionMask = 2147483647;
			files = (
				C750B4582895A64300D05E59 /* Endpoint.swift in Sources */,
				C750B4562895A1B300D05E59 /* DummyJSON.swift in Sources */,
				C750B45D289700C500D05E59 /* ItemCell.swift in Sources */,
				C750B45F2897038200D05E59 /* ItemDetail.swift in Sources */,
				C750B4542895A13D00D05E59 /* Network.swift in Sources */,
				C750B45128959E2100D05E59 /* Item.swift in Sources */,
				C750B45B2896F43400D05E59 /* DummyJSONModel.swift in Sources */,
				C750B42028958FC400D05E59 /* HomeView.swift in Sources */,
				C750B44F28959BC500D05E59 /* HomeViewModel.swift in Sources */,
				C750B41E28958FC400D05E59 /* DemoApp.swift in Sources */,
			);
			runOnlyForDeploymentPostprocessing = 0;
		};
		C750B42628958FC600D05E59 /* Sources */ = {
			isa = PBXSourcesBuildPhase;
			buildActionMask = 2147483647;
			files = (
				C750B42F28958FC600D05E59 /* DemoTests.swift in Sources */,
			);
			runOnlyForDeploymentPostprocessing = 0;
		};
		C750B43028958FC600D05E59 /* Sources */ = {
			isa = PBXSourcesBuildPhase;
			buildActionMask = 2147483647;
			files = (
				C750B43928958FC600D05E59 /* DemoUITests.swift in Sources */,
				C750B43B28958FC600D05E59 /* DemoUITestsLaunchTests.swift in Sources */,
			);
			runOnlyForDeploymentPostprocessing = 0;
		};
/* End PBXSourcesBuildPhase section */

/* Begin PBXTargetDependency section */
		C750B42C28958FC600D05E59 /* PBXTargetDependency */ = {
			isa = PBXTargetDependency;
			target = C750B41928958FC400D05E59 /* Demo */;
			targetProxy = C750B42B28958FC600D05E59 /* PBXContainerItemProxy */;
		};
		C750B43628958FC600D05E59 /* PBXTargetDependency */ = {
			isa = PBXTargetDependency;
			target = C750B41928958FC400D05E59 /* Demo */;
			targetProxy = C750B43528958FC600D05E59 /* PBXContainerItemProxy */;
		};
/* End PBXTargetDependency section */

/* Begin PBXVariantGroup section */
		C7431B9F2897FB2B008C77DF /* Localizable.strings */ = {
			isa = PBXVariantGroup;
			children = (
				C7431B9E2897FB2B008C77DF /* en */,
				C7431BA02897FB2D008C77DF /* ja */,
			);
			name = Localizable.strings;
			sourceTree = "<group>";
		};
/* End PBXVariantGroup section */

/* Begin XCBuildConfiguration section */
		C750B43C28958FC600D05E59 /* Debug */ = {
			isa = XCBuildConfiguration;
			buildSettings = {
				ALWAYS_SEARCH_USER_PATHS = NO;
				CLANG_ANALYZER_NONNULL = YES;
				CLANG_ANALYZER_NUMBER_OBJECT_CONVERSION = YES_AGGRESSIVE;
				CLANG_CXX_LANGUAGE_STANDARD = "gnu++17";
				CLANG_ENABLE_MODULES = YES;
				CLANG_ENABLE_OBJC_ARC = YES;
				CLANG_ENABLE_OBJC_WEAK = YES;
				CLANG_WARN_BLOCK_CAPTURE_AUTORELEASING = YES;
				CLANG_WARN_BOOL_CONVERSION = YES;
				CLANG_WARN_COMMA = YES;
				CLANG_WARN_CONSTANT_CONVERSION = YES;
				CLANG_WARN_DEPRECATED_OBJC_IMPLEMENTATIONS = YES;
				CLANG_WARN_DIRECT_OBJC_ISA_USAGE = YES_ERROR;
				CLANG_WARN_DOCUMENTATION_COMMENTS = YES;
				CLANG_WARN_EMPTY_BODY = YES;
				CLANG_WARN_ENUM_CONVERSION = YES;
				CLANG_WARN_INFINITE_RECURSION = YES;
				CLANG_WARN_INT_CONVERSION = YES;
				CLANG_WARN_NON_LITERAL_NULL_CONVERSION = YES;
				CLANG_WARN_OBJC_IMPLICIT_RETAIN_SELF = YES;
				CLANG_WARN_OBJC_LITERAL_CONVERSION = YES;
				CLANG_WARN_OBJC_ROOT_CLASS = YES_ERROR;
				CLANG_WARN_QUOTED_INCLUDE_IN_FRAMEWORK_HEADER = YES;
				CLANG_WARN_RANGE_LOOP_ANALYSIS = YES;
				CLANG_WARN_STRICT_PROTOTYPES = YES;
				CLANG_WARN_SUSPICIOUS_MOVE = YES;
				CLANG_WARN_UNGUARDED_AVAILABILITY = YES_AGGRESSIVE;
				CLANG_WARN_UNREACHABLE_CODE = YES;
				CLANG_WARN__DUPLICATE_METHOD_MATCH = YES;
				COPY_PHASE_STRIP = NO;
				DEBUG_INFORMATION_FORMAT = dwarf;
				ENABLE_STRICT_OBJC_MSGSEND = YES;
				ENABLE_TESTABILITY = YES;
				GCC_C_LANGUAGE_STANDARD = gnu11;
				GCC_DYNAMIC_NO_PIC = NO;
				GCC_NO_COMMON_BLOCKS = YES;
				GCC_OPTIMIZATION_LEVEL = 0;
				GCC_PREPROCESSOR_DEFINITIONS = (
					"DEBUG=1",
					"$(inherited)",
				);
				GCC_WARN_64_TO_32_BIT_CONVERSION = YES;
				GCC_WARN_ABOUT_RETURN_TYPE = YES_ERROR;
				GCC_WARN_UNDECLARED_SELECTOR = YES;
				GCC_WARN_UNINITIALIZED_AUTOS = YES_AGGRESSIVE;
				GCC_WARN_UNUSED_FUNCTION = YES;
				GCC_WARN_UNUSED_VARIABLE = YES;
				IPHONEOS_DEPLOYMENT_TARGET = 15.5;
				MTL_ENABLE_DEBUG_INFO = INCLUDE_SOURCE;
				MTL_FAST_MATH = YES;
				ONLY_ACTIVE_ARCH = YES;
				SDKROOT = iphoneos;
				SWIFT_ACTIVE_COMPILATION_CONDITIONS = DEBUG;
				SWIFT_OPTIMIZATION_LEVEL = "-Onone";
			};
			name = Debug;
		};
		C750B43D28958FC600D05E59 /* Release */ = {
			isa = XCBuildConfiguration;
			buildSettings = {
				ALWAYS_SEARCH_USER_PATHS = NO;
				CLANG_ANALYZER_NONNULL = YES;
				CLANG_ANALYZER_NUMBER_OBJECT_CONVERSION = YES_AGGRESSIVE;
				CLANG_CXX_LANGUAGE_STANDARD = "gnu++17";
				CLANG_ENABLE_MODULES = YES;
				CLANG_ENABLE_OBJC_ARC = YES;
				CLANG_ENABLE_OBJC_WEAK = YES;
				CLANG_WARN_BLOCK_CAPTURE_AUTORELEASING = YES;
				CLANG_WARN_BOOL_CONVERSION = YES;
				CLANG_WARN_COMMA = YES;
				CLANG_WARN_CONSTANT_CONVERSION = YES;
				CLANG_WARN_DEPRECATED_OBJC_IMPLEMENTATIONS = YES;
				CLANG_WARN_DIRECT_OBJC_ISA_USAGE = YES_ERROR;
				CLANG_WARN_DOCUMENTATION_COMMENTS = YES;
				CLANG_WARN_EMPTY_BODY = YES;
				CLANG_WARN_ENUM_CONVERSION = YES;
				CLANG_WARN_INFINITE_RECURSION = YES;
				CLANG_WARN_INT_CONVERSION = YES;
				CLANG_WARN_NON_LITERAL_NULL_CONVERSION = YES;
				CLANG_WARN_OBJC_IMPLICIT_RETAIN_SELF = YES;
				CLANG_WARN_OBJC_LITERAL_CONVERSION = YES;
				CLANG_WARN_OBJC_ROOT_CLASS = YES_ERROR;
				CLANG_WARN_QUOTED_INCLUDE_IN_FRAMEWORK_HEADER = YES;
				CLANG_WARN_RANGE_LOOP_ANALYSIS = YES;
				CLANG_WARN_STRICT_PROTOTYPES = YES;
				CLANG_WARN_SUSPICIOUS_MOVE = YES;
				CLANG_WARN_UNGUARDED_AVAILABILITY = YES_AGGRESSIVE;
				CLANG_WARN_UNREACHABLE_CODE = YES;
				CLANG_WARN__DUPLICATE_METHOD_MATCH = YES;
				COPY_PHASE_STRIP = NO;
				DEBUG_INFORMATION_FORMAT = "dwarf-with-dsym";
				ENABLE_NS_ASSERTIONS = NO;
				ENABLE_STRICT_OBJC_MSGSEND = YES;
				GCC_C_LANGUAGE_STANDARD = gnu11;
				GCC_NO_COMMON_BLOCKS = YES;
				GCC_WARN_64_TO_32_BIT_CONVERSION = YES;
				GCC_WARN_ABOUT_RETURN_TYPE = YES_ERROR;
				GCC_WARN_UNDECLARED_SELECTOR = YES;
				GCC_WARN_UNINITIALIZED_AUTOS = YES_AGGRESSIVE;
				GCC_WARN_UNUSED_FUNCTION = YES;
				GCC_WARN_UNUSED_VARIABLE = YES;
				IPHONEOS_DEPLOYMENT_TARGET = 15.5;
				MTL_ENABLE_DEBUG_INFO = NO;
				MTL_FAST_MATH = YES;
				SDKROOT = iphoneos;
				SWIFT_COMPILATION_MODE = wholemodule;
				SWIFT_OPTIMIZATION_LEVEL = "-O";
				VALIDATE_PRODUCT = YES;
			};
			name = Release;
		};
		C750B43F28958FC600D05E59 /* Debug */ = {
			isa = XCBuildConfiguration;
			buildSettings = {
				ASSETCATALOG_COMPILER_APPICON_NAME = AppIcon;
				ASSETCATALOG_COMPILER_GLOBAL_ACCENT_COLOR_NAME = AccentColor;
				CODE_SIGN_STYLE = Automatic;
				CURRENT_PROJECT_VERSION = 1;
				DEVELOPMENT_ASSET_PATHS = "\"Demo/Preview Content\"";
				ENABLE_PREVIEWS = YES;
				GENERATE_INFOPLIST_FILE = YES;
				INFOPLIST_KEY_UIApplicationSceneManifest_Generation = YES;
				INFOPLIST_KEY_UIApplicationSupportsIndirectInputEvents = YES;
				INFOPLIST_KEY_UILaunchScreen_Generation = YES;
				INFOPLIST_KEY_UILaunchStoryboardName = "Launch Screen";
				INFOPLIST_KEY_UISupportedInterfaceOrientations_iPad = "UIInterfaceOrientationPortrait UIInterfaceOrientationPortraitUpsideDown UIInterfaceOrientationLandscapeLeft UIInterfaceOrientationLandscapeRight";
				INFOPLIST_KEY_UISupportedInterfaceOrientations_iPhone = "UIInterfaceOrientationPortrait UIInterfaceOrientationLandscapeLeft UIInterfaceOrientationLandscapeRight";
				LD_RUNPATH_SEARCH_PATHS = (
					"$(inherited)",
					"@executable_path/Frameworks",
				);
				MARKETING_VERSION = 1.0;
				PRODUCT_BUNDLE_IDENTIFIER = com.hackinggate.Demo;
				PRODUCT_NAME = "$(TARGET_NAME)";
				SWIFT_EMIT_LOC_STRINGS = YES;
				SWIFT_VERSION = 5.0;
				TARGETED_DEVICE_FAMILY = "1,2";
			};
			name = Debug;
		};
		C750B44028958FC600D05E59 /* Release */ = {
			isa = XCBuildConfiguration;
			buildSettings = {
				ASSETCATALOG_COMPILER_APPICON_NAME = AppIcon;
				ASSETCATALOG_COMPILER_GLOBAL_ACCENT_COLOR_NAME = AccentColor;
				CODE_SIGN_STYLE = Automatic;
				CURRENT_PROJECT_VERSION = 1;
				DEVELOPMENT_ASSET_PATHS = "\"Demo/Preview Content\"";
				ENABLE_PREVIEWS = YES;
				GENERATE_INFOPLIST_FILE = YES;
				INFOPLIST_KEY_UIApplicationSceneManifest_Generation = YES;
				INFOPLIST_KEY_UIApplicationSupportsIndirectInputEvents = YES;
				INFOPLIST_KEY_UILaunchScreen_Generation = YES;
				INFOPLIST_KEY_UILaunchStoryboardName = "Launch Screen";
				INFOPLIST_KEY_UISupportedInterfaceOrientations_iPad = "UIInterfaceOrientationPortrait UIInterfaceOrientationPortraitUpsideDown UIInterfaceOrientationLandscapeLeft UIInterfaceOrientationLandscapeRight";
				INFOPLIST_KEY_UISupportedInterfaceOrientations_iPhone = "UIInterfaceOrientationPortrait UIInterfaceOrientationLandscapeLeft UIInterfaceOrientationLandscapeRight";
				LD_RUNPATH_SEARCH_PATHS = (
					"$(inherited)",
					"@executable_path/Frameworks",
				);
				MARKETING_VERSION = 1.0;
				PRODUCT_BUNDLE_IDENTIFIER = com.hackinggate.Demo;
				PRODUCT_NAME = "$(TARGET_NAME)";
				SWIFT_EMIT_LOC_STRINGS = YES;
				SWIFT_VERSION = 5.0;
				TARGETED_DEVICE_FAMILY = "1,2";
			};
			name = Release;
		};
		C750B44228958FC600D05E59 /* Debug */ = {
			isa = XCBuildConfiguration;
			buildSettings = {
				ALWAYS_EMBED_SWIFT_STANDARD_LIBRARIES = YES;
				BUNDLE_LOADER = "$(TEST_HOST)";
				CODE_SIGN_STYLE = Automatic;
				CURRENT_PROJECT_VERSION = 1;
				GENERATE_INFOPLIST_FILE = YES;
				IPHONEOS_DEPLOYMENT_TARGET = 15.5;
				MARKETING_VERSION = 1.0;
				PRODUCT_BUNDLE_IDENTIFIER = com.hackinggate.DemoTests;
				PRODUCT_NAME = "$(TARGET_NAME)";
				SWIFT_EMIT_LOC_STRINGS = NO;
				SWIFT_VERSION = 5.0;
				TARGETED_DEVICE_FAMILY = "1,2";
				TEST_HOST = "$(BUILT_PRODUCTS_DIR)/Demo.app/Demo";
			};
			name = Debug;
		};
		C750B44328958FC600D05E59 /* Release */ = {
			isa = XCBuildConfiguration;
			buildSettings = {
				ALWAYS_EMBED_SWIFT_STANDARD_LIBRARIES = YES;
				BUNDLE_LOADER = "$(TEST_HOST)";
				CODE_SIGN_STYLE = Automatic;
				CURRENT_PROJECT_VERSION = 1;
				GENERATE_INFOPLIST_FILE = YES;
				IPHONEOS_DEPLOYMENT_TARGET = 15.5;
				MARKETING_VERSION = 1.0;
				PRODUCT_BUNDLE_IDENTIFIER = com.hackinggate.DemoTests;
				PRODUCT_NAME = "$(TARGET_NAME)";
				SWIFT_EMIT_LOC_STRINGS = NO;
				SWIFT_VERSION = 5.0;
				TARGETED_DEVICE_FAMILY = "1,2";
				TEST_HOST = "$(BUILT_PRODUCTS_DIR)/Demo.app/Demo";
			};
			name = Release;
		};
		C750B44528958FC600D05E59 /* Debug */ = {
			isa = XCBuildConfiguration;
			buildSettings = {
				ALWAYS_EMBED_SWIFT_STANDARD_LIBRARIES = YES;
				CODE_SIGN_STYLE = Automatic;
				CURRENT_PROJECT_VERSION = 1;
				GENERATE_INFOPLIST_FILE = YES;
				MARKETING_VERSION = 1.0;
				PRODUCT_BUNDLE_IDENTIFIER = com.hackinggate.DemoUITests;
				PRODUCT_NAME = "$(TARGET_NAME)";
				SWIFT_EMIT_LOC_STRINGS = NO;
				SWIFT_VERSION = 5.0;
				TARGETED_DEVICE_FAMILY = "1,2";
				TEST_TARGET_NAME = Demo;
			};
			name = Debug;
		};
		C750B44628958FC600D05E59 /* Release */ = {
			isa = XCBuildConfiguration;
			buildSettings = {
				ALWAYS_EMBED_SWIFT_STANDARD_LIBRARIES = YES;
				CODE_SIGN_STYLE = Automatic;
				CURRENT_PROJECT_VERSION = 1;
				GENERATE_INFOPLIST_FILE = YES;
				MARKETING_VERSION = 1.0;
				PRODUCT_BUNDLE_IDENTIFIER = com.hackinggate.DemoUITests;
				PRODUCT_NAME = "$(TARGET_NAME)";
				SWIFT_EMIT_LOC_STRINGS = NO;
				SWIFT_VERSION = 5.0;
				TARGETED_DEVICE_FAMILY = "1,2";
				TEST_TARGET_NAME = Demo;
			};
			name = Release;
		};
/* End XCBuildConfiguration section */

/* Begin XCConfigurationList section */
		C750B41528958FC400D05E59 /* Build configuration list for PBXProject "Demo" */ = {
			isa = XCConfigurationList;
			buildConfigurations = (
				C750B43C28958FC600D05E59 /* Debug */,
				C750B43D28958FC600D05E59 /* Release */,
			);
			defaultConfigurationIsVisible = 0;
			defaultConfigurationName = Release;
		};
		C750B43E28958FC600D05E59 /* Build configuration list for PBXNativeTarget "Demo" */ = {
			isa = XCConfigurationList;
			buildConfigurations = (
				C750B43F28958FC600D05E59 /* Debug */,
				C750B44028958FC600D05E59 /* Release */,
			);
			defaultConfigurationIsVisible = 0;
			defaultConfigurationName = Release;
		};
		C750B44128958FC600D05E59 /* Build configuration list for PBXNativeTarget "DemoTests" */ = {
			isa = XCConfigurationList;
			buildConfigurations = (
				C750B44228958FC600D05E59 /* Debug */,
				C750B44328958FC600D05E59 /* Release */,
			);
			defaultConfigurationIsVisible = 0;
			defaultConfigurationName = Release;
		};
		C750B44428958FC600D05E59 /* Build configuration list for PBXNativeTarget "DemoUITests" */ = {
			isa = XCConfigurationList;
			buildConfigurations = (
				C750B44528958FC600D05E59 /* Debug */,
				C750B44628958FC600D05E59 /* Release */,
			);
			defaultConfigurationIsVisible = 0;
			defaultConfigurationName = Release;
		};
/* End XCConfigurationList section */
	};
	rootObject = C750B41228958FC400D05E59 /* Project object */;
}
